Microsoft Visual Studio Solution File, Format Version 12.00
# Visual Studio Version 17
VisualStudioVersion = 17.5.2.0
MinimumVisualStudioVersion = 10.0.40219.1
Project("{FAE04EC0-301F-11D3-BF4B-00C04F79EFBC}") = "ChangeCamGame", "ChangeCamGame\ChangeCamGame.csproj", "{5D8C76CD-440A-9101-8D89-A2FC756A851E}"
EndProject
Global
	GlobalSection(SolutionConfigurationPlatforms) = preSolution
		Debug|Any CPU = Debug|Any CPU
		Release|Any CPU = Release|Any CPU
	EndGlobalSection
	GlobalSection(ProjectConfigurationPlatforms) = postSolution
		{5D8C76CD-440A-9101-8D89-A2FC756A851E}.Debug|Any CPU.ActiveCfg = Debug|Any CPU
		{5D8C76CD-440A-9101-8D89-A2FC756A851E}.Debug|Any CPU.Build.0 = Debug|Any CPU
		{5D8C76CD-440A-9101-8D89-A2FC756A851E}.Release|Any CPU.ActiveCfg = Release|Any CPU
		{5D8C76CD-440A-9101-8D89-A2FC756A851E}.Release|Any CPU.Build.0 = Release|Any CPU
	EndGlobalSection
	GlobalSection(SolutionProperties) = preSolution
		HideSolutionNode = FALSE
	EndGlobalSection
	GlobalSection(ExtensibilityGlobals) = postSolution
		SolutionGuid = {5F47B83B-3D49-49BE-A57B-009BBE6FF43F}
	EndGlobalSection
EndGlobal
