Microsoft Visual Studio Solution File, Format Version 12.00
# Visual Studio Version 17
VisualStudioVersion = 17.5.2.0
MinimumVisualStudioVersion = 10.0.40219.1
Project("{FAE04EC0-301F-11D3-BF4B-00C04F79EFBC}") = "ChangeCamGame", "ChangeCamGame.csproj", "{2A4CA383-45AB-CB7F-95BF-598066B563C2}"
EndProject
Global
	GlobalSection(SolutionConfigurationPlatforms) = preSolution
		Debug|Any CPU = Debug|Any CPU
		Release|Any CPU = Release|Any CPU
	EndGlobalSection
	GlobalSection(ProjectConfigurationPlatforms) = postSolution
		{2A4CA383-45AB-CB7F-95BF-598066B563C2}.Debug|Any CPU.ActiveCfg = Debug|Any CPU
		{2A4CA383-45AB-CB7F-95BF-598066B563C2}.Debug|Any CPU.Build.0 = Debug|Any CPU
		{2A4CA383-45AB-CB7F-95BF-598066B563C2}.Release|Any CPU.ActiveCfg = Release|Any CPU
		{2A4CA383-45AB-CB7F-95BF-598066B563C2}.Release|Any CPU.Build.0 = Release|Any CPU
	EndGlobalSection
	GlobalSection(SolutionProperties) = preSolution
		HideSolutionNode = FALSE
	EndGlobalSection
	GlobalSection(ExtensibilityGlobals) = postSolution
		SolutionGuid = {87AFECFE-B0AB-4831-ABAA-D36D0C9C292F}
	EndGlobalSection
EndGlobal
